
Microsoft Visual Studio Solution File, Format Version 12.00
# Visual Studio Version 17
VisualStudioVersion = 17.0.32126.317
MinimumVisualStudioVersion = 10.0.40219.1
Project("{FAE04EC0-301F-11D3-BF4B-00C04F79EFBC}") = "SargentoPerdido.ConsoleApp", "SargentoPerdido.ConsoleApp\SargentoPerdido.ConsoleApp.csproj", "{10B134F3-FDCB-4C5A-AF88-B2053E68A925}"
EndProject
Global
	GlobalSection(SolutionConfigurationPlatforms) = preSolution
		Debug|Any CPU = Debug|Any CPU
		Release|Any CPU = Release|Any CPU
	EndGlobalSection
	GlobalSection(ProjectConfigurationPlatforms) = postSolution
		{10B134F3-FDCB-4C5A-AF88-B2053E68A925}.Debug|Any CPU.ActiveCfg = Debug|Any CPU
		{10B134F3-FDCB-4C5A-AF88-B2053E68A925}.Debug|Any CPU.Build.0 = Debug|Any CPU
		{10B134F3-FDCB-4C5A-AF88-B2053E68A925}.Release|Any CPU.ActiveCfg = Release|Any CPU
		{10B134F3-FDCB-4C5A-AF88-B2053E68A925}.Release|Any CPU.Build.0 = Release|Any CPU
	EndGlobalSection
	GlobalSection(SolutionProperties) = preSolution
		HideSolutionNode = FALSE
	EndGlobalSection
	GlobalSection(ExtensibilityGlobals) = postSolution
		SolutionGuid = {F2EC1F9F-B927-43D3-A073-94CE8F5596C9}
	EndGlobalSection
EndGlobal
